
Microsoft Visual Studio Solution File, Format Version 12.00
# Visual Studio 15
VisualStudioVersion = 15.0.27130.2027
MinimumVisualStudioVersion = 10.0.40219.1
Project("{FAE04EC0-301F-11D3-BF4B-00C04F79EFBC}") = "LegacyLibrary", "LegacyLibrary\LegacyLibrary.csproj", "{798F59A5-A333-4037-9135-E970C01BD022}"
EndProject
Project("{FAE04EC0-301F-11D3-BF4B-00C04F79EFBC}") = "WebApi", "WebApi\WebApi.csproj", "{27E80311-B000-4103-98EE-824F9A4733F2}"
EndProject
Global
	GlobalSection(SolutionConfigurationPlatforms) = preSolution
		Debug|Any CPU = Debug|Any CPU
		Release|Any CPU = Release|Any CPU
	EndGlobalSection
	GlobalSection(ProjectConfigurationPlatforms) = postSolution
		{798F59A5-A333-4037-9135-E970C01BD022}.Debug|Any CPU.ActiveCfg = Debug|Any CPU
		{798F59A5-A333-4037-9135-E970C01BD022}.Debug|Any CPU.Build.0 = Debug|Any CPU
		{798F59A5-A333-4037-9135-E970C01BD022}.Release|Any CPU.ActiveCfg = Release|Any CPU
		{798F59A5-A333-4037-9135-E970C01BD022}.Release|Any CPU.Build.0 = Release|Any CPU
		{27E80311-B000-4103-98EE-824F9A4733F2}.Debug|Any CPU.ActiveCfg = Debug|Any CPU
		{27E80311-B000-4103-98EE-824F9A4733F2}.Debug|Any CPU.Build.0 = Debug|Any CPU
		{27E80311-B000-4103-98EE-824F9A4733F2}.Release|Any CPU.ActiveCfg = Release|Any CPU
		{27E80311-B000-4103-98EE-824F9A4733F2}.Release|Any CPU.Build.0 = Release|Any CPU
	EndGlobalSection
	GlobalSection(SolutionProperties) = preSolution
		HideSolutionNode = FALSE
	EndGlobalSection
	GlobalSection(ExtensibilityGlobals) = postSolution
		SolutionGuid = {131191E8-C4EC-4FF9-B120-6BE279AD325D}
	EndGlobalSection
EndGlobal
